// !$*UTF8*$!
{
	archiveVersion = 1;
	classes = {
	};
	objectVersion = 46;
	objects = {

/* Begin PBXBuildFile section */
		DD2921491D30B2C500D35C6B /* AppDelegate.swift in Sources */ = {isa = PBXBuildFile; fileRef = DD2921481D30B2C500D35C6B /* AppDelegate.swift */; };
		DD29214E1D30B2C500D35C6B /* Main.storyboard in Resources */ = {isa = PBXBuildFile; fileRef = DD29214C1D30B2C500D35C6B /* Main.storyboard */; };
		DD2921501D30B2C500D35C6B /* Assets.xcassets in Resources */ = {isa = PBXBuildFile; fileRef = DD29214F1D30B2C500D35C6B /* Assets.xcassets */; };
		DD2921531D30B2C500D35C6B /* LaunchScreen.storyboard in Resources */ = {isa = PBXBuildFile; fileRef = DD2921511D30B2C500D35C6B /* LaunchScreen.storyboard */; };
		DD29215B1D30B42100D35C6B /* DevicesViewController.swift in Sources */ = {isa = PBXBuildFile; fileRef = DD29215A1D30B42100D35C6B /* DevicesViewController.swift */; };
		DD29215F1D30B84A00D35C6B /* Header.swift in Sources */ = {isa = PBXBuildFile; fileRef = DD29215E1D30B84A00D35C6B /* Header.swift */; };
		DD2921611D30BC5E00D35C6B /* CalculatorNavigationController.swift in Sources */ = {isa = PBXBuildFile; fileRef = DD2921601D30BC5E00D35C6B /* CalculatorNavigationController.swift */; };
		DDCEBB2B1D326ECF004FB355 /* ResultsTableViewController.swift in Sources */ = {isa = PBXBuildFile; fileRef = DDCEBB2A1D326ECF004FB355 /* ResultsTableViewController.swift */; };
/* End PBXBuildFile section */

/* Begin PBXFileReference section */
		DD2921451D30B2C500D35C6B /* Prototype.app */ = {isa = PBXFileReference; explicitFileType = wrapper.application; includeInIndex = 0; path = Prototype.app; sourceTree = BUILT_PRODUCTS_DIR; };
		DD2921481D30B2C500D35C6B /* AppDelegate.swift */ = {isa = PBXFileReference; lastKnownFileType = sourcecode.swift; path = AppDelegate.swift; sourceTree = "<group>"; };
		DD29214D1D30B2C500D35C6B /* Base */ = {isa = PBXFileReference; lastKnownFileType = file.storyboard; name = Base; path = Base.lproj/Main.storyboard; sourceTree = "<group>"; };
		DD29214F1D30B2C500D35C6B /* Assets.xcassets */ = {isa = PBXFileReference; lastKnownFileType = folder.assetcatalog; path = Assets.xcassets; sourceTree = "<group>"; };
		DD2921521D30B2C500D35C6B /* Base */ = {isa = PBXFileReference; lastKnownFileType = file.storyboard; name = Base; path = Base.lproj/LaunchScreen.storyboard; sourceTree = "<group>"; };
		DD2921541D30B2C500D35C6B /* Info.plist */ = {isa = PBXFileReference; lastKnownFileType = text.plist.xml; path = Info.plist; sourceTree = "<group>"; };
		DD29215A1D30B42100D35C6B /* DevicesViewController.swift */ = {isa = PBXFileReference; fileEncoding = 4; lastKnownFileType = sourcecode.swift; name = DevicesViewController.swift; path = ../DevicesViewController.swift; sourceTree = "<group>"; };
		DD29215E1D30B84A00D35C6B /* Header.swift */ = {isa = PBXFileReference; fileEncoding = 4; lastKnownFileType = sourcecode.swift; name = Header.swift; path = ../Header.swift; sourceTree = "<group>"; };
		DD2921601D30BC5E00D35C6B /* CalculatorNavigationController.swift */ = {isa = PBXFileReference; fileEncoding = 4; lastKnownFileType = sourcecode.swift; path = CalculatorNavigationController.swift; sourceTree = "<group>"; };
		DDCEBB2A1D326ECF004FB355 /* ResultsTableViewController.swift */ = {isa = PBXFileReference; fileEncoding = 4; lastKnownFileType = sourcecode.swift; path = ResultsTableViewController.swift; sourceTree = "<group>"; };
/* End PBXFileReference section */

/* Begin PBXFrameworksBuildPhase section */
		DD2921421D30B2C500D35C6B /* Frameworks */ = {
			isa = PBXFrameworksBuildPhase;
			buildActionMask = 2147483647;
			files = (
			);
			runOnlyForDeploymentPostprocessing = 0;
		};
/* End PBXFrameworksBuildPhase section */

/* Begin PBXGroup section */
		DD29213C1D30B2C500D35C6B = {
			isa = PBXGroup;
			children = (
				DD2921471D30B2C500D35C6B /* Prototype */,
				DD2921461D30B2C500D35C6B /* Products */,
			);
			sourceTree = "<group>";
		};
		DD2921461D30B2C500D35C6B /* Products */ = {
			isa = PBXGroup;
			children = (
				DD2921451D30B2C500D35C6B /* Prototype.app */,
			);
			name = Products;
			sourceTree = "<group>";
		};
		DD2921471D30B2C500D35C6B /* Prototype */ = {
			isa = PBXGroup;
			children = (
				DD29215E1D30B84A00D35C6B /* Header.swift */,
				DD29215A1D30B42100D35C6B /* DevicesViewController.swift */,
				DD2921481D30B2C500D35C6B /* AppDelegate.swift */,
				DD29214C1D30B2C500D35C6B /* Main.storyboard */,
				DD29214F1D30B2C500D35C6B /* Assets.xcassets */,
				DD2921511D30B2C500D35C6B /* LaunchScreen.storyboard */,
				DD2921541D30B2C500D35C6B /* Info.plist */,
				DD2921601D30BC5E00D35C6B /* CalculatorNavigationController.swift */,
				DDCEBB2A1D326ECF004FB355 /* ResultsTableViewController.swift */,
			);
			path = Prototype;
			sourceTree = "<group>";
		};
/* End PBXGroup section */

/* Begin PBXNativeTarget section */
		DD2921441D30B2C500D35C6B /* Prototype */ = {
			isa = PBXNativeTarget;
			buildConfigurationList = DD2921571D30B2C500D35C6B /* Build configuration list for PBXNativeTarget "Prototype" */;
			buildPhases = (
				DD2921411D30B2C500D35C6B /* Sources */,
				DD2921421D30B2C500D35C6B /* Frameworks */,
				DD2921431D30B2C500D35C6B /* Resources */,
			);
			buildRules = (
			);
			dependencies = (
			);
			name = Prototype;
			productName = Prototype;
			productReference = DD2921451D30B2C500D35C6B /* Prototype.app */;
			productType = "com.apple.product-type.application";
		};
/* End PBXNativeTarget section */

/* Begin PBXProject section */
		DD29213D1D30B2C500D35C6B /* Project object */ = {
			isa = PBXProject;
			attributes = {
				LastSwiftUpdateCheck = 0730;
				LastUpgradeCheck = 0730;
				ORGANIZATIONNAME = laura.com;
				TargetAttributes = {
					DD2921441D30B2C500D35C6B = {
						CreatedOnToolsVersion = 7.3;
						DevelopmentTeam = 4R2G5ZKCX8;
					};
				};
			};
			buildConfigurationList = DD2921401D30B2C500D35C6B /* Build configuration list for PBXProject "Prototype" */;
			compatibilityVersion = "Xcode 3.2";
			developmentRegion = English;
			hasScannedForEncodings = 0;
			knownRegions = (
				en,
				Base,
			);
			mainGroup = DD29213C1D30B2C500D35C6B;
			productRefGroup = DD2921461D30B2C500D35C6B /* Products */;
			projectDirPath = "";
			projectRoot = "";
			targets = (
				DD2921441D30B2C500D35C6B /* Prototype */,
			);
		};
/* End PBXProject section */

/* Begin PBXResourcesBuildPhase section */
		DD2921431D30B2C500D35C6B /* Resources */ = {
			isa = PBXResourcesBuildPhase;
			buildActionMask = 2147483647;
			files = (
				DD2921531D30B2C500D35C6B /* LaunchScreen.storyboard in Resources */,
				DD2921501D30B2C500D35C6B /* Assets.xcassets in Resources */,
				DD29214E1D30B2C500D35C6B /* Main.storyboard in Resources */,
			);
			runOnlyForDeploymentPostprocessing = 0;
		};
/* End PBXResourcesBuildPhase section */

/* Begin PBXSourcesBuildPhase section */
		DD2921411D30B2C500D35C6B /* Sources */ = {
			isa = PBXSourcesBuildPhase;
			buildActionMask = 2147483647;
			files = (
				DD29215B1D30B42100D35C6B /* DevicesViewController.swift in Sources */,
				DD2921611D30BC5E00D35C6B /* CalculatorNavigationController.swift in Sources */,
				DD29215F1D30B84A00D35C6B /* Header.swift in Sources */,
				DD2921491D30B2C500D35C6B /* AppDelegate.swift in Sources */,
				DDCEBB2B1D326ECF004FB355 /* ResultsTableViewController.swift in Sources */,
			);
			runOnlyForDeploymentPostprocessing = 0;
		};
/* End PBXSourcesBuildPhase section */

/* Begin PBXVariantGroup section */
		DD29214C1D30B2C500D35C6B /* Main.storyboard */ = {
			isa = PBXVariantGroup;
			children = (
				DD29214D1D30B2C500D35C6B /* Base */,
			);
			name = Main.storyboard;
			sourceTree = "<group>";
		};
		DD2921511D30B2C500D35C6B /* LaunchScreen.storyboard */ = {
			isa = PBXVariantGroup;
			children = (
				DD2921521D30B2C500D35C6B /* Base */,
			);
			name = LaunchScreen.storyboard;
			sourceTree = "<group>";
		};
/* End PBXVariantGroup section */

/* Begin XCBuildConfiguration section */
		DD2921551D30B2C500D35C6B /* Debug */ = {
			isa = XCBuildConfiguration;
			buildSettings = {
				ALWAYS_SEARCH_USER_PATHS = NO;
				CLANG_ANALYZER_NONNULL = YES;
				CLANG_CXX_LANGUAGE_STANDARD = "gnu++0x";
				CLANG_CXX_LIBRARY = "libc++";
				CLANG_ENABLE_MODULES = YES;
				CLANG_ENABLE_OBJC_ARC = YES;
				CLANG_WARN_BOOL_CONVERSION = YES;
				CLANG_WARN_CONSTANT_CONVERSION = YES;
				CLANG_WARN_DIRECT_OBJC_ISA_USAGE = YES_ERROR;
				CLANG_WARN_EMPTY_BODY = YES;
				CLANG_WARN_ENUM_CONVERSION = YES;
				CLANG_WARN_INT_CONVERSION = YES;
				CLANG_WARN_OBJC_ROOT_CLASS = YES_ERROR;
				CLANG_WARN_UNREACHABLE_CODE = YES;
				CLANG_WARN__DUPLICATE_METHOD_MATCH = YES;
				"CODE_SIGN_IDENTITY[sdk=iphoneos*]" = "iPhone Developer";
				COPY_PHASE_STRIP = NO;
				DEBUG_INFORMATION_FORMAT = dwarf;
				ENABLE_STRICT_OBJC_MSGSEND = YES;
				ENABLE_TESTABILITY = YES;
				GCC_C_LANGUAGE_STANDARD = gnu99;
				GCC_DYNAMIC_NO_PIC = NO;
				GCC_NO_COMMON_BLOCKS = YES;
				GCC_OPTIMIZATION_LEVEL = 0;
				GCC_PREPROCESSOR_DEFINITIONS = (
					"DEBUG=1",
					"$(inherited)",
				);
				GCC_WARN_64_TO_32_BIT_CONVERSION = YES;
				GCC_WARN_ABOUT_RETURN_TYPE = YES_ERROR;
				GCC_WARN_UNDECLARED_SELECTOR = YES;
				GCC_WARN_UNINITIALIZED_AUTOS = YES_AGGRESSIVE;
				GCC_WARN_UNUSED_FUNCTION = YES;
				GCC_WARN_UNUSED_VARIABLE = YES;
				IPHONEOS_DEPLOYMENT_TARGET = 9.3;
				MTL_ENABLE_DEBUG_INFO = YES;
				ONLY_ACTIVE_ARCH = YES;
				SDKROOT = iphoneos;
				SWIFT_OPTIMIZATION_LEVEL = "-Onone";
				TARGETED_DEVICE_FAMILY = "1,2";
			};
			name = Debug;
		};
		DD2921561D30B2C500D35C6B /* Release */ = {
			isa = XCBuildConfiguration;
			buildSettings = {
				ALWAYS_SEARCH_USER_PATHS = NO;
				CLANG_ANALYZER_NONNULL = YES;
				CLANG_CXX_LANGUAGE_STANDARD = "gnu++0x";
				CLANG_CXX_LIBRARY = "libc++";
				CLANG_ENABLE_MODULES = YES;
				CLANG_ENABLE_OBJC_ARC = YES;
				CLANG_WARN_BOOL_CONVERSION = YES;
				CLANG_WARN_CONSTANT_CONVERSION = YES;
				CLANG_WARN_DIRECT_OBJC_ISA_USAGE = YES_ERROR;
				CLANG_WARN_EMPTY_BODY = YES;
				CLANG_WARN_ENUM_CONVERSION = YES;
				CLANG_WARN_INT_CONVERSION = YES;
				CLANG_WARN_OBJC_ROOT_CLASS = YES_ERROR;
				CLANG_WARN_UNREACHABLE_CODE = YES;
				CLANG_WARN__DUPLICATE_METHOD_MATCH = YES;
				"CODE_SIGN_IDENTITY[sdk=iphoneos*]" = "iPhone Developer";
				COPY_PHASE_STRIP = NO;
				DEBUG_INFORMATION_FORMAT = "dwarf-with-dsym";
				ENABLE_NS_ASSERTIONS = NO;
				ENABLE_STRICT_OBJC_MSGSEND = YES;
				GCC_C_LANGUAGE_STANDARD = gnu99;
				GCC_NO_COMMON_BLOCKS = YES;
				GCC_WARN_64_TO_32_BIT_CONVERSION = YES;
				GCC_WARN_ABOUT_RETURN_TYPE = YES_ERROR;
				GCC_WARN_UNDECLARED_SELECTOR = YES;
				GCC_WARN_UNINITIALIZED_AUTOS = YES_AGGRESSIVE;
				GCC_WARN_UNUSED_FUNCTION = YES;
				GCC_WARN_UNUSED_VARIABLE = YES;
				IPHONEOS_DEPLOYMENT_TARGET = 9.3;
				MTL_ENABLE_DEBUG_INFO = NO;
				SDKROOT = iphoneos;
				TARGETED_DEVICE_FAMILY = "1,2";
				VALIDATE_PRODUCT = YES;
			};
			name = Release;
		};
		DD2921581D30B2C500D35C6B /* Debug */ = {
			isa = XCBuildConfiguration;
			buildSettings = {
				ASSETCATALOG_COMPILER_APPICON_NAME = AppIcon;
				INFOPLIST_FILE = Prototype/Info.plist;
				LD_RUNPATH_SEARCH_PATHS = "$(inherited) @executable_path/Frameworks";
				PRODUCT_BUNDLE_IDENTIFIER = com.laura.Prototype;
				PRODUCT_NAME = "$(TARGET_NAME)";
			};
			name = Debug;
		};
		DD2921591D30B2C500D35C6B /* Release */ = {
			isa = XCBuildConfiguration;
			buildSettings = {
				ASSETCATALOG_COMPILER_APPICON_NAME = AppIcon;
				INFOPLIST_FILE = Prototype/Info.plist;
				LD_RUNPATH_SEARCH_PATHS = "$(inherited) @executable_path/Frameworks";
				PRODUCT_BUNDLE_IDENTIFIER = com.laura.Prototype;
				PRODUCT_NAME = "$(TARGET_NAME)";
			};
			name = Release;
		};
/* End XCBuildConfiguration section */

/* Begin XCConfigurationList section */
		DD2921401D30B2C500D35C6B /* Build configuration list for PBXProject "Prototype" */ = {
			isa = XCConfigurationList;
			buildConfigurations = (
				DD2921551D30B2C500D35C6B /* Debug */,
				DD2921561D30B2C500D35C6B /* Release */,
			);
			defaultConfigurationIsVisible = 0;
			defaultConfigurationName = Release;
		};
		DD2921571D30B2C500D35C6B /* Build configuration list for PBXNativeTarget "Prototype" */ = {
			isa = XCConfigurationList;
			buildConfigurations = (
				DD2921581D30B2C500D35C6B /* Debug */,
				DD2921591D30B2C500D35C6B /* Release */,
			);
			defaultConfigurationIsVisible = 0;
			defaultConfigurationName = Release;
		};
/* End XCConfigurationList section */
	};
	rootObject = DD29213D1D30B2C500D35C6B /* Project object */;
}
